{
  "name": "megaladon",
  "version": "4.0.0",
  "lockfileVersion": 3,
  "requires": true,
  "packages": {
    "": {
      "name": "megaladon",
      "version": "4.0.0",
      "license": "MIT",
      "bin": {
        "megaladon": "bin/meg.js",
        "m": "bin/meg.js"
      },
      "engines": {
        "node": ">=18.0.0"
      }
    }
  }
}